// !$*UTF8*$!
{
	archiveVersion = 1;
	classes = {
	};
	objectVersion = 50;
	objects = {

/* Begin PBXBuildFile section */
		C5658CEC25AB60B2009758B8 /* AppDelegate.swift in Sources */ = {isa = PBXBuildFile; fileRef = C5658CEB25AB60B2009758B8 /* AppDelegate.swift */; };
		C5658CEE25AB60B2009758B8 /* SceneDelegate.swift in Sources */ = {isa = PBXBuildFile; fileRef = C5658CED25AB60B2009758B8 /* SceneDelegate.swift */; };
		C5658CF025AB60B2009758B8 /* ViewController.swift in Sources */ = {isa = PBXBuildFile; fileRef = C5658CEF25AB60B2009758B8 /* ViewController.swift */; };
		C5658CF325AB60B2009758B8 /* Main.storyboard in Resources */ = {isa = PBXBuildFile; fileRef = C5658CF125AB60B2009758B8 /* Main.storyboard */; };
		C5658CF525AB60B2009758B8 /* Assets.xcassets in Resources */ = {isa = PBXBuildFile; fileRef = C5658CF425AB60B2009758B8 /* Assets.xcassets */; };
		C5658CF825AB60B2009758B8 /* LaunchScreen.storyboard in Resources */ = {isa = PBXBuildFile; fileRef = C5658CF625AB60B2009758B8 /* LaunchScreen.storyboard */; };
		C5F5B61225AF0A25007F051B /* Matrix.swift in Sources */ = {isa = PBXBuildFile; fileRef = C5F5B61125AF0A25007F051B /* Matrix.swift */; };
/* End PBXBuildFile section */

/* Begin PBXFileReference section */
		C5658CE825AB60B2009758B8 /* Matrix multiplication.app */ = {isa = PBXFileReference; explicitFileType = wrapper.application; includeInIndex = 0; path = "Matrix multiplication.app"; sourceTree = BUILT_PRODUCTS_DIR; };
		C5658CEB25AB60B2009758B8 /* AppDelegate.swift */ = {isa = PBXFileReference; lastKnownFileType = sourcecode.swift; path = AppDelegate.swift; sourceTree = "<group>"; };
		C5658CED25AB60B2009758B8 /* SceneDelegate.swift */ = {isa = PBXFileReference; lastKnownFileType = sourcecode.swift; path = SceneDelegate.swift; sourceTree = "<group>"; };
		C5658CEF25AB60B2009758B8 /* ViewController.swift */ = {isa = PBXFileReference; lastKnownFileType = sourcecode.swift; path = ViewController.swift; sourceTree = "<group>"; };
		C5658CF225AB60B2009758B8 /* Base */ = {isa = PBXFileReference; lastKnownFileType = file.storyboard; name = Base; path = Base.lproj/Main.storyboard; sourceTree = "<group>"; };
		C5658CF425AB60B2009758B8 /* Assets.xcassets */ = {isa = PBXFileReference; lastKnownFileType = folder.assetcatalog; path = Assets.xcassets; sourceTree = "<group>"; };
		C5658CF725AB60B2009758B8 /* Base */ = {isa = PBXFileReference; lastKnownFileType = file.storyboard; name = Base; path = Base.lproj/LaunchScreen.storyboard; sourceTree = "<group>"; };
		C5658CF925AB60B2009758B8 /* Info.plist */ = {isa = PBXFileReference; lastKnownFileType = text.plist.xml; path = Info.plist; sourceTree = "<group>"; };
		C5F5B61125AF0A25007F051B /* Matrix.swift */ = {isa = PBXFileReference; lastKnownFileType = sourcecode.swift; path = Matrix.swift; sourceTree = "<group>"; };
/* End PBXFileReference section */

/* Begin PBXFrameworksBuildPhase section */
		C5658CE525AB60B2009758B8 /* Frameworks */ = {
			isa = PBXFrameworksBuildPhase;
			buildActionMask = 2147483647;
			files = (
			);
			runOnlyForDeploymentPostprocessing = 0;
		};
/* End PBXFrameworksBuildPhase section */

/* Begin PBXGroup section */
		C5658CDF25AB60B2009758B8 = {
			isa = PBXGroup;
			children = (
				C5658CEA25AB60B2009758B8 /* Matrix multiplication */,
				C5658CE925AB60B2009758B8 /* Products */,
			);
			sourceTree = "<group>";
		};
		C5658CE925AB60B2009758B8 /* Products */ = {
			isa = PBXGroup;
			children = (
				C5658CE825AB60B2009758B8 /* Matrix multiplication.app */,
			);
			name = Products;
			sourceTree = "<group>";
		};
		C5658CEA25AB60B2009758B8 /* Matrix multiplication */ = {
			isa = PBXGroup;
			children = (
				C5658CEB25AB60B2009758B8 /* AppDelegate.swift */,
				C5658CED25AB60B2009758B8 /* SceneDelegate.swift */,
				C5658CEF25AB60B2009758B8 /* ViewController.swift */,
				C5658CF125AB60B2009758B8 /* Main.storyboard */,
				C5658CF425AB60B2009758B8 /* Assets.xcassets */,
				C5658CF625AB60B2009758B8 /* LaunchScreen.storyboard */,
				C5658CF925AB60B2009758B8 /* Info.plist */,
				C5F5B61125AF0A25007F051B /* Matrix.swift */,
			);
			path = "Matrix multiplication";
			sourceTree = "<group>";
		};
/* End PBXGroup section */

/* Begin PBXNativeTarget section */
		C5658CE725AB60B2009758B8 /* Matrix multiplication */ = {
			isa = PBXNativeTarget;
			buildConfigurationList = C5658CFC25AB60B2009758B8 /* Build configuration list for PBXNativeTarget "Matrix multiplication" */;
			buildPhases = (
				C5658CE425AB60B2009758B8 /* Sources */,
				C5658CE525AB60B2009758B8 /* Frameworks */,
				C5658CE625AB60B2009758B8 /* Resources */,
			);
			buildRules = (
			);
			dependencies = (
			);
			name = "Matrix multiplication";
			productName = "Matrix multiplication";
			productReference = C5658CE825AB60B2009758B8 /* Matrix multiplication.app */;
			productType = "com.apple.product-type.application";
		};
/* End PBXNativeTarget section */

/* Begin PBXProject section */
		C5658CE025AB60B2009758B8 /* Project object */ = {
			isa = PBXProject;
			attributes = {
				LastSwiftUpdateCheck = 1230;
				LastUpgradeCheck = 1230;
				TargetAttributes = {
					C5658CE725AB60B2009758B8 = {
						CreatedOnToolsVersion = 12.3;
					};
				};
			};
			buildConfigurationList = C5658CE325AB60B2009758B8 /* Build configuration list for PBXProject "Matrix multiplication" */;
			compatibilityVersion = "Xcode 9.3";
			developmentRegion = en;
			hasScannedForEncodings = 0;
			knownRegions = (
				en,
				Base,
			);
			mainGroup = C5658CDF25AB60B2009758B8;
			productRefGroup = C5658CE925AB60B2009758B8 /* Products */;
			projectDirPath = "";
			projectRoot = "";
			targets = (
				C5658CE725AB60B2009758B8 /* Matrix multiplication */,
			);
		};
/* End PBXProject section */

/* Begin PBXResourcesBuildPhase section */
		C5658CE625AB60B2009758B8 /* Resources */ = {
			isa = PBXResourcesBuildPhase;
			buildActionMask = 2147483647;
			files = (
				C5658CF825AB60B2009758B8 /* LaunchScreen.storyboard in Resources */,
				C5658CF525AB60B2009758B8 /* Assets.xcassets in Resources */,
				C5658CF325AB60B2009758B8 /* Main.storyboard in Resources */,
			);
			runOnlyForDeploymentPostprocessing = 0;
		};
/* End PBXResourcesBuildPhase section */

/* Begin PBXSourcesBuildPhase section */
		C5658CE425AB60B2009758B8 /* Sources */ = {
			isa = PBXSourcesBuildPhase;
			buildActionMask = 2147483647;
			files = (
				C5F5B61225AF0A25007F051B /* Matrix.swift in Sources */,
				C5658CF025AB60B2009758B8 /* ViewController.swift in Sources */,
				C5658CEC25AB60B2009758B8 /* AppDelegate.swift in Sources */,
				C5658CEE25AB60B2009758B8 /* SceneDelegate.swift in Sources */,
			);
			runOnlyForDeploymentPostprocessing = 0;
		};
/* End PBXSourcesBuildPhase section */

/* Begin PBXVariantGroup section */
		C5658CF125AB60B2009758B8 /* Main.storyboard */ = {
			isa = PBXVariantGroup;
			children = (
				C5658CF225AB60B2009758B8 /* Base */,
			);
			name = Main.storyboard;
			sourceTree = "<group>";
		};
		C5658CF625AB60B2009758B8 /* LaunchScreen.storyboard */ = {
			isa = PBXVariantGroup;
			children = (
				C5658CF725AB60B2009758B8 /* Base */,
			);
			name = LaunchScreen.storyboard;
			sourceTree = "<group>";
		};
/* End PBXVariantGroup section */

/* Begin XCBuildConfiguration section */
		C5658CFA25AB60B2009758B8 /* Debug */ = {
			isa = XCBuildConfiguration;
			buildSettings = {
				ALWAYS_SEARCH_USER_PATHS = NO;
				CLANG_ANALYZER_NONNULL = YES;
				CLANG_ANALYZER_NUMBER_OBJECT_CONVERSION = YES_AGGRESSIVE;
				CLANG_CXX_LANGUAGE_STANDARD = "gnu++14";
				CLANG_CXX_LIBRARY = "libc++";
				CLANG_ENABLE_MODULES = YES;
				CLANG_ENABLE_OBJC_ARC = YES;
				CLANG_ENABLE_OBJC_WEAK = YES;
				CLANG_WARN_BLOCK_CAPTURE_AUTORELEASING = YES;
				CLANG_WARN_BOOL_CONVERSION = YES;
				CLANG_WARN_COMMA = YES;
				CLANG_WARN_CONSTANT_CONVERSION = YES;
				CLANG_WARN_DEPRECATED_OBJC_IMPLEMENTATIONS = YES;
				CLANG_WARN_DIRECT_OBJC_ISA_USAGE = YES_ERROR;
				CLANG_WARN_DOCUMENTATION_COMMENTS = YES;
				CLANG_WARN_EMPTY_BODY = YES;
				CLANG_WARN_ENUM_CONVERSION = YES;
				CLANG_WARN_INFINITE_RECURSION = YES;
				CLANG_WARN_INT_CONVERSION = YES;
				CLANG_WARN_NON_LITERAL_NULL_CONVERSION = YES;
				CLANG_WARN_OBJC_IMPLICIT_RETAIN_SELF = YES;
				CLANG_WARN_OBJC_LITERAL_CONVERSION = YES;
				CLANG_WARN_OBJC_ROOT_CLASS = YES_ERROR;
				CLANG_WARN_QUOTED_INCLUDE_IN_FRAMEWORK_HEADER = YES;
				CLANG_WARN_RANGE_LOOP_ANALYSIS = YES;
				CLANG_WARN_STRICT_PROTOTYPES = YES;
				CLANG_WARN_SUSPICIOUS_MOVE = YES;
				CLANG_WARN_UNGUARDED_AVAILABILITY = YES_AGGRESSIVE;
				CLANG_WARN_UNREACHABLE_CODE = YES;
				CLANG_WARN__DUPLICATE_METHOD_MATCH = YES;
				COPY_PHASE_STRIP = NO;
				DEBUG_INFORMATION_FORMAT = dwarf;
				ENABLE_STRICT_OBJC_MSGSEND = YES;
				ENABLE_TESTABILITY = YES;
				GCC_C_LANGUAGE_STANDARD = gnu11;
				GCC_DYNAMIC_NO_PIC = NO;
				GCC_NO_COMMON_BLOCKS = YES;
				GCC_OPTIMIZATION_LEVEL = 0;
				GCC_PREPROCESSOR_DEFINITIONS = (
					"DEBUG=1",
					"$(inherited)",
				);
				GCC_WARN_64_TO_32_BIT_CONVERSION = YES;
				GCC_WARN_ABOUT_RETURN_TYPE = YES_ERROR;
				GCC_WARN_UNDECLARED_SELECTOR = YES;
				GCC_WARN_UNINITIALIZED_AUTOS = YES_AGGRESSIVE;
				GCC_WARN_UNUSED_FUNCTION = YES;
				GCC_WARN_UNUSED_VARIABLE = YES;
				IPHONEOS_DEPLOYMENT_TARGET = 14.3;
				MTL_ENABLE_DEBUG_INFO = INCLUDE_SOURCE;
				MTL_FAST_MATH = YES;
				ONLY_ACTIVE_ARCH = YES;
				SDKROOT = iphoneos;
				SWIFT_ACTIVE_COMPILATION_CONDITIONS = DEBUG;
				SWIFT_OPTIMIZATION_LEVEL = "-Onone";
			};
			name = Debug;
		};
		C5658CFB25AB60B2009758B8 /* Release */ = {
			isa = XCBuildConfiguration;
			buildSettings = {
				ALWAYS_SEARCH_USER_PATHS = NO;
				CLANG_ANALYZER_NONNULL = YES;
				CLANG_ANALYZER_NUMBER_OBJECT_CONVERSION = YES_AGGRESSIVE;
				CLANG_CXX_LANGUAGE_STANDARD = "gnu++14";
				CLANG_CXX_LIBRARY = "libc++";
				CLANG_ENABLE_MODULES = YES;
				CLANG_ENABLE_OBJC_ARC = YES;
				CLANG_ENABLE_OBJC_WEAK = YES;
				CLANG_WARN_BLOCK_CAPTURE_AUTORELEASING = YES;
				CLANG_WARN_BOOL_CONVERSION = YES;
				CLANG_WARN_COMMA = YES;
				CLANG_WARN_CONSTANT_CONVERSION = YES;
				CLANG_WARN_DEPRECATED_OBJC_IMPLEMENTATIONS = YES;
				CLANG_WARN_DIRECT_OBJC_ISA_USAGE = YES_ERROR;
				CLANG_WARN_DOCUMENTATION_COMMENTS = YES;
				CLANG_WARN_EMPTY_BODY = YES;
				CLANG_WARN_ENUM_CONVERSION = YES;
				CLANG_WARN_INFINITE_RECURSION = YES;
				CLANG_WARN_INT_CONVERSION = YES;
				CLANG_WARN_NON_LITERAL_NULL_CONVERSION = YES;
				CLANG_WARN_OBJC_IMPLICIT_RETAIN_SELF = YES;
				CLANG_WARN_OBJC_LITERAL_CONVERSION = YES;
				CLANG_WARN_OBJC_ROOT_CLASS = YES_ERROR;
				CLANG_WARN_QUOTED_INCLUDE_IN_FRAMEWORK_HEADER = YES;
				CLANG_WARN_RANGE_LOOP_ANALYSIS = YES;
				CLANG_WARN_STRICT_PROTOTYPES = YES;
				CLANG_WARN_SUSPICIOUS_MOVE = YES;
				CLANG_WARN_UNGUARDED_AVAILABILITY = YES_AGGRESSIVE;
				CLANG_WARN_UNREACHABLE_CODE = YES;
				CLANG_WARN__DUPLICATE_METHOD_MATCH = YES;
				COPY_PHASE_STRIP = NO;
				DEBUG_INFORMATION_FORMAT = "dwarf-with-dsym";
				ENABLE_NS_ASSERTIONS = NO;
				ENABLE_STRICT_OBJC_MSGSEND = YES;
				GCC_C_LANGUAGE_STANDARD = gnu11;
				GCC_NO_COMMON_BLOCKS = YES;
				GCC_WARN_64_TO_32_BIT_CONVERSION = YES;
				GCC_WARN_ABOUT_RETURN_TYPE = YES_ERROR;
				GCC_WARN_UNDECLARED_SELECTOR = YES;
				GCC_WARN_UNINITIALIZED_AUTOS = YES_AGGRESSIVE;
				GCC_WARN_UNUSED_FUNCTION = YES;
				GCC_WARN_UNUSED_VARIABLE = YES;
				IPHONEOS_DEPLOYMENT_TARGET = 14.3;
				MTL_ENABLE_DEBUG_INFO = NO;
				MTL_FAST_MATH = YES;
				SDKROOT = iphoneos;
				SWIFT_COMPILATION_MODE = wholemodule;
				SWIFT_OPTIMIZATION_LEVEL = "-O";
				VALIDATE_PRODUCT = YES;
			};
			name = Release;
		};
		C5658CFD25AB60B2009758B8 /* Debug */ = {
			isa = XCBuildConfiguration;
			buildSettings = {
				ASSETCATALOG_COMPILER_APPICON_NAME = AppIcon;
				ASSETCATALOG_COMPILER_GLOBAL_ACCENT_COLOR_NAME = AccentColor;
				CODE_SIGN_STYLE = Automatic;
				INFOPLIST_FILE = "Matrix multiplication/Info.plist";
				LD_RUNPATH_SEARCH_PATHS = (
					"$(inherited)",
					"@executable_path/Frameworks",
				);
				PRODUCT_BUNDLE_IDENTIFIER = "timur.Matrix-multiplication";
				PRODUCT_NAME = "$(TARGET_NAME)";
				SWIFT_VERSION = 5.0;
				TARGETED_DEVICE_FAMILY = "1,2";
			};
			name = Debug;
		};
		C5658CFE25AB60B2009758B8 /* Release */ = {
			isa = XCBuildConfiguration;
			buildSettings = {
				ASSETCATALOG_COMPILER_APPICON_NAME = AppIcon;
				ASSETCATALOG_COMPILER_GLOBAL_ACCENT_COLOR_NAME = AccentColor;
				CODE_SIGN_STYLE = Automatic;
				INFOPLIST_FILE = "Matrix multiplication/Info.plist";
				LD_RUNPATH_SEARCH_PATHS = (
					"$(inherited)",
					"@executable_path/Frameworks",
				);
				PRODUCT_BUNDLE_IDENTIFIER = "timur.Matrix-multiplication";
				PRODUCT_NAME = "$(TARGET_NAME)";
				SWIFT_VERSION = 5.0;
				TARGETED_DEVICE_FAMILY = "1,2";
			};
			name = Release;
		};
/* End XCBuildConfiguration section */

/* Begin XCConfigurationList section */
		C5658CE325AB60B2009758B8 /* Build configuration list for PBXProject "Matrix multiplication" */ = {
			isa = XCConfigurationList;
			buildConfigurations = (
				C5658CFA25AB60B2009758B8 /* Debug */,
				C5658CFB25AB60B2009758B8 /* Release */,
			);
			defaultConfigurationIsVisible = 0;
			defaultConfigurationName = Release;
		};
		C5658CFC25AB60B2009758B8 /* Build configuration list for PBXNativeTarget "Matrix multiplication" */ = {
			isa = XCConfigurationList;
			buildConfigurations = (
				C5658CFD25AB60B2009758B8 /* Debug */,
				C5658CFE25AB60B2009758B8 /* Release */,
			);
			defaultConfigurationIsVisible = 0;
			defaultConfigurationName = Release;
		};
/* End XCConfigurationList section */
	};
	rootObject = C5658CE025AB60B2009758B8 /* Project object */;
}
